{
  "originHash" : "8a2b384fed8e186c5aa65dac1e6bd03e28a4433fe24aaff4331b438186bbd884",
  "pins" : [
    {
      "identity" : "appauth-ios",
      "kind" : "remoteSourceControl",
      "location" : "https://github.com/openid/AppAuth-iOS",
      "state" : {
        "revision" : "2781038865a80e2c425a1da12cc1327bcd56501f",
        "version" : "1.7.6"
      }
    },
    {
      "identity" : "blossomcolorpicker",
      "kind" : "remoteSourceControl",
      "location" : "https://github.com/Lakr233/BlossomColorPicker",
      "state" : {
        "revision" : "51be6fa6f6edca84b5f48c6a97566b9456c6e052",
        "version" : "1.0.0"
      }
    },
    {
      "identity" : "grdb.swift",
      "kind" : "remoteSourceControl",
      "location" : "https://github.com/groue/GRDB.swift.git",
      "state" : {
        "revision" : "36e30a6f1ef10e4194f6af0cff90888526f0c115",
        "version" : "7.10.0"
      }
    }
  ],
  "version" : 3
}
